
Microsoft Visual Studio Solution File, Format Version 12.00
# Visual Studio Version 16
VisualStudioVersion = 16.0.31019.35
MinimumVisualStudioVersion = 10.0.40219.1
Project("{8BC9CEB8-8B4A-11D0-8D11-00A0C91BC942}") = "Project4", "Project4\Project4.vcxproj", "{C5BBCBE0-90D5-47BC-9114-F91C9E46D638}"
EndProject
Global
	GlobalSection(SolutionConfigurationPlatforms) = preSolution
		Debug|x64 = Debug|x64
		Debug|x86 = Debug|x86
		Release|x64 = Release|x64
		Release|x86 = Release|x86
	EndGlobalSection
	GlobalSection(ProjectConfigurationPlatforms) = postSolution
		{C5BBCBE0-90D5-47BC-9114-F91C9E46D638}.Debug|x64.ActiveCfg = Debug|x64
		{C5BBCBE0-90D5-47BC-9114-F91C9E46D638}.Debug|x64.Build.0 = Debug|x64
		{C5BBCBE0-90D5-47BC-9114-F91C9E46D638}.Debug|x86.ActiveCfg = Debug|Win32
		{C5BBCBE0-90D5-47BC-9114-F91C9E46D638}.Debug|x86.Build.0 = Debug|Win32
		{C5BBCBE0-90D5-47BC-9114-F91C9E46D638}.Release|x64.ActiveCfg = Release|x64
		{C5BBCBE0-90D5-47BC-9114-F91C9E46D638}.Release|x64.Build.0 = Release|x64
		{C5BBCBE0-90D5-47BC-9114-F91C9E46D638}.Release|x86.ActiveCfg = Release|Win32
		{C5BBCBE0-90D5-47BC-9114-F91C9E46D638}.Release|x86.Build.0 = Release|Win32
	EndGlobalSection
	GlobalSection(SolutionProperties) = preSolution
		HideSolutionNode = FALSE
	EndGlobalSection
	GlobalSection(ExtensibilityGlobals) = postSolution
		SolutionGuid = {0A4B4EC1-8435-4466-9D8F-AFAE9E5D6BAA}
	EndGlobalSection
EndGlobal
